atomicgo.dev/assert v0.0.2 h1:FiKeMiZSgRrZsPo9qn/7vmr7mCsh5SZyXY4YGYiYwrg=
atomicgo.dev/assert v0.0.2/go.mod h1:ut4NcI3QDdJtlmAxQULOmA13Gz6e2DWbSAS8RUOmNYQ=
atomicgo.dev/cursor v0.2.0 h1:H6XN5alUJ52FZZUkI7AlJbUc1aW38GWZalpYRPpoPOw=
atomicgo.dev/cursor v0.2.0/go.mod h1:Lr4ZJB3U7DfPPOkbH7/6TOtJ4vFGHlgj1nc+n900IpU=
atomicgo.dev/keyboard v0.2.10 h1:v7mvUKUZLHIggxULEIuWbT+WkkyQSgdbA201EziAhHU=
atomicgo.dev/keyboard v0.2.10/go.mod h1:ap/z5ilnhLqYq852m6kPeTq5Z6aESGWu5mzRpJlC6aI=
atomicgo.dev/schedule v0.1.0 h1:nTthAbhZS5YZmgYbb2+DH8uQIZcTlIrd4eYr3UQxEjs=
atomicgo.dev/schedule v0.1.0/go.mod h1:xeUa3oAkiuHYh8bKiQBRojqAMq3PXXbJujjb0hw8pEU=
cloud.google.com/go v0.123.0 h1:2NAUJwPR47q+E35uaJeYoNhuNEM9kM8SjgRgdeOJUSE=
cloud.google.com/go v0.123.0/go.mod h1:xBoMV08QcqUGuPW65Qfm1o9Y4zKZBpGS+7bImXLTAZU=
cloud.google.com/go/aiplatform v1.126.0 h1:5PxeWpQfkAyN8mtgtVp4H5nP+ntwPLFMjNREVdiolR0=
cloud.google.com/go/aiplatform v1.126.0/go.mod h1:iR3za3evdprLe1XL2pLu0cYVCuTbc87QG0pgvcgiJlE=
cloud.google.com/go/auth v0.23.1 h1:1tPpBPG02lQHmoiAvs9egyCASqXP0xgobptjZzov/Jg=
cloud.google.com/go/auth v0.23.1/go.mod h1:4DhBRcqvtljQN3dJ57qtqbib5ZGCYE5f2crfiiC2EM0=
cloud.google.com/go/auth/oauth2adapt v0.2.8 h1:keo8NaayQZ6wimpNSmW5OPc283g65QNIiLpZnkHRbnc=
cloud.google.com/go/auth/oauth2adapt v0.2.8/go.mod h1:XQ9y31RkqZCcwJWNSx2Xvric3RrU88hAYYbjDWYDL+c=
cloud.google.com/go/compute/metadata v0.9.0 h1:pDUj4QMoPejqq20dK0Pg2N4yG9zIkYGdBtwLoEkH9Zs=
cloud.google.com/go/compute/metadata v0.9.0/go.mod h1:E0bWwX5wTnLPedCKqk3pJmVgCBSM6qQI1yTBdEb3C10=
cloud.google.com/go/iam v1.13.0 h1:ufT3FPT5rFFXu6UtLkNoxaOaV5EuA1dsSkmemCSTo6U=
cloud.google.com/go/iam v1.13.0/go.mod h1:gHXdDEiPDvqd1q1KwBDGQlgZY/BwY760zU2LhOZS5w0=
cloud.google.com/go/longrunning v1.2.0 h1:WjYH3YHBGCxGJP9M4dWGHBfXr/cFIjMkNgWcJj7/iMM=
cloud.google.com/go/longrunning v1.2.0/go.mod h1:5KMQALFGOCtFoi2xSOA1u3H7WKlhmckgiyFw7+LGQp0=
cloud.google.com/go/vertexai v0.19.0 h1:s2ycqpWiLtydvs8u86fwFG1P4ovdHmiYtSZ2Qtd9vnM=
cloud.google.com/go/vertexai v0.19.0/go.mod h1:LDCXm7/7mi+MdbwhSSZ/qvNSqxvrGiwqUeC/OBlC3oY=
filippo.io/edwards25519 v1.2.0 h1:crnVqOiS4jqYleHd9vaKZ+HKtHfllngJIiOpNpoJsjo=
filippo.io/edwards25519 v1.2.0/go.mod h1:xzAOLCNug/yB62zG1bQ8uziwrIqIuxhctzJT18Q77mc=
github.com/LumenResearch/uasurfer v0.3.0 h1:Z7EAftwCkXBwPd+8koPc2kZ4Wxwx55Ez6CvF26cm2ts=
github.com/LumenResearch/uasurfer v0.3.0/go.mod h1:c4MgOTskHoKY+FGdotcggHXyWRSpzTIu23HAG+ElllE=
github.com/MarvinJWendt/testza v0.5.2 h1:53KDo64C1z/h/d/stCYCPY69bt/OSwjq5KpFNwi+zB4=
github.com/MarvinJWendt/testza v0.5.2/go.mod h1:xu53QFE5sCdjtMCKk8YMQ2MnymimEctc4n3EjyIYvEY=
github.com/antlr4-go/antlr/v4 v4.13.1 h1:SqQKkuVZ+zWkMMNkjy5FZe5mr5WURWnlpmOuzYWrPrQ=
github.com/antlr4-go/antlr/v4 v4.13.1/go.mod h1:GKmUxMtwp6ZgGwZSva4eWPC5mS6vUAmOABFgjdkM7Nw=
github.com/asaskevich/govalidator v0.0.0-20230301143203-a9d515a09cc2 h1:DklsrG3dyBCFEj5IhUbnKptjxatkF07cF2ak3yi77so=
github.com/asaskevich/govalidator v0.0.0-20230301143203-a9d515a09cc2/go.mod h1:WaHUgvxTVq04UNunO+XhnAqY/wQc+bxr74GqbsZ/Jqw=
github.com/aws/aws-sdk-go-v2 v1.43.6 h1:RrmFcqCBxkJuf7g1axVo5krB4jM/AO8r5e5oujrgdoQ=
github.com/aws/aws-sdk-go-v2 v1.43.6/go.mod h1:tXpPM+v0D1lndmga+HqqLDIzUFJlEeR21aspVklHF00=
github.com/aws/aws-sdk-go-v2/aws/protocol/eventstream v1.7.18 h1:LAfOuhAH331fmOjTQpAaOlH+Ftn7RzSDJ2VFwjdMMy4=
github.com/aws/aws-sdk-go-v2/aws/protocol/eventstream v1.7.18/go.mod h1:4e5xhuXHx1e4U9EthvbPP1r/DIMp5c2823OL8karzcM=
github.com/aws/aws-sdk-go-v2/credentials v1.19.36 h1:84s5xMme6ENYEdKG8rsbSFFg/8+lbHBeM9QYSO0gnDk=
github.com/aws/aws-sdk-go-v2/credentials v1.19.36/go.mod h1:c46BLdagDLIswjgt+GeQOslXgeS0E6wCacs5yZbxPGk=
github.com/aws/aws-sdk-go-v2/internal/configsources v1.4.37 h1:lznzIOvvbqjfe8UAaciCRJgBgJsxuTROKlhZuXQWfv8=
github.com/aws/aws-sdk-go-v2/internal/configsources v1.4.37/go.mod h1:otfkzyfQeMMLZAqX59GSXTL3o22BR/l6HFaRzzbWSqA=
github.com/aws/aws-sdk-go-v2/internal/endpoints/v2 v2.7.37 h1:zCEORWo0eU0gDjG+IyApE/2B+ZGG1m+GU7B263XV8ds=
github.com/aws/aws-sdk-go-v2/internal/endpoints/v2 v2.7.37/go.mod h1:i6c0PEl3TNOWxRbQ++KQcVenPWS/GoQeiklKhNuqzJ8=
github.com/aws/aws-sdk-go-v2/internal/v4a v1.4.38 h1:A3UAuCmx7LyUcrixBTzKJYYIUZ2yTvn6ZhT8PB+7APk=
github.com/aws/aws-sdk-go-v2/internal/v4a v1.4.38/go.mod h1:1PDUYG9Z+JrbbsobsAZHjWOm9QBT/djiK3QbykTL5Z4=
github.com/aws/aws-sdk-go-v2/service/internal/accept-encoding v1.13.17 h1:OvYZOB3qA6zvfdRFiRFRzVSiElMYrz3GdntkXZxlp1o=
github.com/aws/aws-sdk-go-v2/service/internal/accept-encoding v1.13.17/go.mod h1:JgR/2Ew50ACfIWau1oeMRX59tMtC0kM+PYQGEaT04cY=
github.com/aws/aws-sdk-go-v2/service/internal/checksum v1.9.30 h1:5437eMoOwqqQpZn2XJy74mlDCuPYL81texMT3mXqgtU=
github.com/aws/aws-sdk-go-v2/service/internal/checksum v1.9.30/go.mod h1:xfu2m3dOpvW8lj98wQYa8V9ku/Rta59hsbireGzhh3A=
github.com/aws/aws-sdk-go-v2/service/internal/presigned-url v1.13.37 h1:a3D4AjrOrTrP8+d9ILBthqrElf0z1JNol09Xvnwcys8=
github.com/aws/aws-sdk-go-v2/service/internal/presigned-url v1.13.37/go.mod h1:ky0gTu+ukvUTuUKFIpp6Wid4oninrkCyvbFkVs0kpHM=
github.com/aws/aws-sdk-go-v2/service/internal/s3shared v1.19.38 h1:gX8B8y3Ho30B1LPxefDKMi/HZqWEb47U9ogs3DtSG0M=
github.com/aws/aws-sdk-go-v2/service/internal/s3shared v1.19.38/go.mod h1:l5WblZlcmGPe4/O7JY2HO25Z+xqTBvyfTyFbRMf8gYw=
github.com/aws/aws-sdk-go-v2/service/s3 v1.107.2 h1:GNU0/xtPEXMKilJZ/a8BedeuQnvu+Usi6qVm9EFfncc=
github.com/aws/aws-sdk-go-v2/service/s3 v1.107.2/go.mod h1:4jYWUecEsQtE73jPl7p3jrbYXH5ffcR4gegyCygagfg=
github.com/aws/smithy-go v1.27.8 h1:FR0dxZfIlV7Z8eh2iHfIofdunw382XsDV3Mxt9nUvRY=
github.com/aws/smithy-go v1.27.8/go.mod h1:YE2RhdIuDbA5E5bTdciG9KrW3+TiEONeUWCqxX9i1Fc=
github.com/cespare/xxhash/v2 v2.3.0 h1:UL815xU9SqsFlibzuggzjXhog7bL6oX9BbNZnL2UFvs=
github.com/cespare/xxhash/v2 v2.3.0/go.mod h1:VGX0DQ3Q6kWi7AoAeZDth3/j3BFtOZR5XLFGgcrjCOs=
github.com/clipperhouse/uax29/v2 v2.7.0 h1:+gs4oBZ2gPfVrKPthwbMzWZDaAFPGYK72F0NJv2v7Vk=
github.com/clipperhouse/uax29/v2 v2.7.0/go.mod h1:EFJ2TJMRUaplDxHKj1qAEhCtQPW2tJSwu5BF98AuoVM=
github.com/cncf/xds/go v0.0.0-20260202195803-dba9d589def2 h1:aBangftG7EVZoUb69Os8IaYg++6uMOdKK83QtkkvJik=
github.com/cncf/xds/go v0.0.0-20260202195803-dba9d589def2/go.mod h1:qwXFYgsP6T7XnJtbKlf1HP8AjxZZyzxMmc+Lq5GjlU4=
github.com/coder/websocket v1.8.15 h1:6B2JPeOGlpff2Uz6vOEH1Vzpi0iUz20A+lPVhPHtNUA=
github.com/coder/websocket v1.8.15/go.mod h1:NX3SzP+inril6yawo5CQXx8+fk145lPDC6pumgx0mVg=
github.com/containerd/console v1.0.5 h1:R0ymNeydRqH2DmakFNdmjR2k0t7UPuiOV/N/27/qqsc=
github.com/containerd/console v1.0.5/go.mod h1:YynlIjWYF8myEu6sdkwKIvGQq+cOckRm6So2avqoYAk=
github.com/creack/pty v1.1.9/go.mod h1:oKZEueFk5CKHvIhNR5MUki03XCEU+Q6VDXinZuGJ33E=
github.com/darkoatanasovski/htmltags v1.0.0 h1:EP3O8c3vcEIotu9Dp6lDq8OWor4rYSf4mc/zORJbT5M=
github.com/darkoatanasovski/htmltags v1.0.0/go.mod h1:FKYjT6COoJLfTjWbOcFW21/GCl8rHvgBQNZS2KpfPMU=
github.com/dave/dst v0.27.4 h1:d+EVnOZmphH+lUEXq9rit4GjsFSKJ3AhfRWf7eobTps=
github.com/dave/dst v0.27.4/go.mod h1:jHh6EOibnHgcUW3WjKHisiooEkYwqpHLBSX1iOBhEyc=
github.com/davecgh/go-spew v1.1.0/go.mod h1:J7Y8YcW2NihsgmVo/mv3lAwl/skON4iLHjSsI+c5H38=
github.com/davecgh/go-spew v1.1.1/go.mod h1:J7Y8YcW2NihsgmVo/mv3lAwl/skON4iLHjSsI+c5H38=
github.com/davecgh/go-spew v1.1.2-0.20180830191138-d8f796af33cc h1:U9qPSI2PIWSS1VwoXQT9A3Wy9MM3WgvqSxFWenqJduM=
github.com/davecgh/go-spew v1.1.2-0.20180830191138-d8f796af33cc/go.mod h1:J7Y8YcW2NihsgmVo/mv3lAwl/skON4iLHjSsI+c5H38=
github.com/davidmz/go-pageant v1.0.2 h1:bPblRCh5jGU+Uptpz6LgMZGD5hJoOt7otgT454WvHn0=
github.com/davidmz/go-pageant v1.0.2/go.mod h1:P2EDDnMqIwG5Rrp05dTRITj9z2zpGcD9efWSkTNKLIE=
github.com/disintegration/imaging v1.6.2 h1:w1LecBlG2Lnp8B3jk5zSuNqd7b4DXhcjwek1ei82L+c=
github.com/disintegration/imaging v1.6.2/go.mod h1:44/5580QXChDfwIclfc/PCwrr44amcmDAg8hxG0Ewe4=
github.com/dracory/api v1.8.0 h1:zs22+Oaw2ED39SKgeOI/Q3jB4siObaaymEN1U5bHf8M=
github.com/dracory/api v1.8.0/go.mod h1:WNntKBo7IM3wmiyWI4HST1Tu3gY9OKZ+qRZIcqB6nV0=
github.com/dracory/arr v0.2.0 h1:7vzKP988Yrcmqqol4qy+DLM1MFFNTNztwo6sJos3/Xo=
github.com/dracory/arr v0.2.0/go.mod h1:M9Hdk7l+jhewLVCEiDyN+j0+2GkjksqrfNqtE1Cxbek=
github.com/dracory/auditstore v1.11.0 h1:P3C2h/uwnuiaY+jR3A3FVmT1W8fv1kk7HP92Oa1DRww=
github.com/dracory/auditstore v1.11.0/go.mod h1:gg7KlRBzjqKgU4OojdecntFXuJlujmc4p+NkYH46kTI=
github.com/dracory/auth v0.35.0 h1:KJQ4PUxo7wZkIHbG0dHrxDlG6SRp0tpx1PWWsLga6Bo=
github.com/dracory/auth v0.35.0/go.mod h1:B59d6aSZ5pg9f6FDgLs+uVyC+WUXbGdmVECMYpveUUk=
github.com/dracory/base v0.39.0 h1:M2be9rDpT2YIUwHxZ+7JTk4cIveD2sHm7Vgx36mw4ko=
github.com/dracory/base v0.39.0/go.mod h1:e6FWDeYppD+FI4z+AQH1bx8/sQgz8+SYPiGP37+2+8o=
github.com/dracory/blindindexstore v1.17.0 h1:xeen6GB4EaFlinPCbCXAPq3Fw5ezcLjErulopRYvvHw=
github.com/dracory/blindindexstore v1.17.0/go.mod h1:Lf+7wJeSlU1PdWthWdnbxzHti6W0MI45ura0evas5xA=
github.com/dracory/blockeditor v0.24.0 h1:PFDwGQR0qsCviyExvM1fQkCqNsU85/1Trr2Rx8gdVvM=
github.com/dracory/blockeditor v0.24.0/go.mod h1:wTCYJcY/4aq1YC3MUfCYc/rUrTNCpScoxScd55GTF9Q=
github.com/dracory/blogadmin v0.2.0 h1:Rq7SBTutIrvdpaNW5lbIcGNcmvELyJqxWxxRhUmzv30=
github.com/dracory/blogadmin v0.2.0/go.mod h1:trYbBUPCUiabaeBaG4mpEVvB6kRh45jJBA5uHhUKp1Y=
github.com/dracory/blogstore v1.35.0 h1:xAmUOpoB5tnblb/e5yJquH2nvR4MI1iFJ+tyBYGUubo=
github.com/dracory/blogstore v1.35.0/go.mod h1:J2DSsGQh5UStI88I7LhAJQaZtTH/59RXv4TvAxw6IaE=
github.com/dracory/bs v0.16.0 h1:TjERMa7RogNBtlXT65FFOR0S/fLwlUY05KImpBlBc9k=
github.com/dracory/bs v0.16.0/go.mod h1:KcUgpjyIW8nKwqa3LiG3GUNoOpsjh1tC3IVjqcpODeI=
github.com/dracory/cachestore v1.9.0 h1:dIfPih9uZSQXmfdMcJ4ngUSyKj8Af69eYgTnEMpX7iQ=
github.com/dracory/cachestore v1.9.0/go.mod h1:JSV1wTsWXuxSXzCMsRlUsoyyWITXW78N41BzA+SMI6U=
github.com/dracory/cdn v1.11.0 h1:lolDfI4EFl+0yaSJ41AUuEjPhtD1jEA+9RATjF4M7OA=
github.com/dracory/cdn v1.11.0/go.mod h1:5DUqErJlUSdqsTWcL4GKQCXbpG0L3Fb7qDv+DTqToG0=
github.com/dracory/chatstore v1.4.0 h1:8u/i6bnnWkVyL7KYKH8J2LunF7G2j/B2Aeyz2rmTGkY=
github.com/dracory/chatstore v1.4.0/go.mod h1:qCjmp9f4BB9qjZ1s1JRB2NvObRMgFkY359XT/tIQt58=
github.com/dracory/cmd v0.2.0 h1:q+oCRqphKbF+enIS58AogL6lk8kkoIQgk9uPidSzKA8=
github.com/dracory/cmd v0.2.0/go.mod h1:ok8R+FAskM5zLvx6g7wdsd1TsPdXfzJo7qpIYGHpork=
github.com/dracory/cmsstore v1.41.0 h1:QXISYqSrmFpLOXhEOVOI2rVr/A736QusSRnS+gjts0E=
github.com/dracory/cmsstore v1.41.0/go.mod h1:UNTIz0GhAfGSwgFN/BJgTbG2rdoaXG//EMCK1vt6af8=
github.com/dracory/crypto v0.3.0 h1:27/GsK6PH3Qic6UScUT2hXT/5+n+7WWwOE/9g79q9kU=
github.com/dracory/crypto v0.3.0/go.mod h1:hs0kPA9s1M6s7kgGwzjZJn/hQMdi5sPJ3FXP+2oPEck=
github.com/dracory/csrf v0.2.0 h1:hFPX2ge74PRA13+TnX4ZPC764sHFekrlI0SYzFByD/8=
github.com/dracory/csrf v0.2.0/go.mod h1:Hf3dOdbrLbldFnh1DpmaXe1nUgH1fTHniEi2uBjGpKE=
github.com/dracory/customstore v1.14.0 h1:WfWsmz9TNBH0OO6NiWYkOoKOP1CYF/hhrrjBmZc+S6c=
github.com/dracory/customstore v1.14.0/go.mod h1:SRasuIPKZkf7tnFTqayDBBJBL6wCMaj/WkTATn8qQTg=
github.com/dracory/dashboard v1.11.0 h1:BJXfEG9litaSdDpJJ9IUBoHukh9Q3Lrif1phPkqd04M=
github.com/dracory/dashboard v1.11.0/go.mod h1:KJYOeO8aAkXK6pHiGPyhV0siqgTghX+CBj6h3qZZ2HY=
github.com/dracory/database v0.8.0 h1:j4MANJAmhFM7N0zCYcNg0ZD4RzIKQw7rdXy36T2JTq4=
github.com/dracory/database v0.8.0/go.mod h1:Ye8Osgz1U0kES6alk1nkcRVFDJ+kOG9ZtHTmSm07edU=
github.com/dracory/dataobject v1.7.0 h1:vbk1SO4sZTmOQruO8XoFSQ1jFC6AbMJ4FmF76ILMzmw=
github.com/dracory/dataobject v1.7.0/go.mod h1:/Dbjmrg9VOoWDZumWfM5Gp/8E2fFAa3gnR2wCwixJk4=
github.com/dracory/email v0.2.0 h1:snYZrlU8dMYxZ7iVGPmbjs2LtntCxTMoP2Enc79AlPQ=
github.com/dracory/email v0.2.0/go.mod h1:f3mtW3pkf5AzPIQJtX4bkt/bsVEaS9nwppMdMd8BLvE=
github.com/dracory/entitystore v1.18.0 h1:Bqf/8YS56LPW0u0A/5phzlUys6/vYqxCk+zfGzPoe5s=
github.com/dracory/entitystore v1.18.0/go.mod h1:S8K+7S0hWEsREs3L7Pt7x9SI9RHD8IkHLdIEmgj8XJY=
github.com/dracory/env v1.2.0 h1:Dp+Gjmv81jJV3tKoF9wud+GRib9RYaaPUQNX1Nz1vMc=
github.com/dracory/env v1.2.0/go.mod h1:aIvC0IB0yu9dP++i9ATs6fP5yG/U0VxSgYuT57dJGHg=
github.com/dracory/envenc v1.5.0 h1:2RIHRDDFEVKa96vRrpnjClcYYpOmXwraCx8a5IbBF0E=
github.com/dracory/envenc v1.5.0/go.mod h1:v16CzloqLM0BBU/4m8u3LeWh3TevUUG7QMQY4xjKpQs=
github.com/dracory/feedstore v1.5.0 h1:jDv7M0SwcZTzY5gtZLDrY3VypgWKubRZ7bJWqoSwfsM=
github.com/dracory/feedstore v1.5.0/go.mod h1:u2vyHtaMLwvxmE1yUEMh5hkvGdV0uuwlfN+eg2QBqII=
github.com/dracory/filesystem v1.4.0 h1:DavrWbv7OWeU783D932GGYOSiq3RMDuHpdVEFDA5qnU=
github.com/dracory/filesystem v1.4.0/go.mod h1:QqMDYvVNyhxyGWy7UaRtlUKe2za91wevfn+LuEHLQ2s=
github.com/dracory/form v0.23.0 h1:3RtiChGyApSfZ0vH8nvfSfiOU3Os3f0RoXt3RZ/s440=
github.com/dracory/form v0.23.0/go.mod h1:b2RZ+J6KVx/5Elz1/UBZFVbtloYqb3YhbhtkkWt5eYs=
github.com/dracory/geostore v1.10.0 h1:IvbPWXhCNYrS/CYRmwGmQ7k7jlUjxgOneghO2KPz4b8=
github.com/dracory/geostore v1.10.0/go.mod h1:SvmGa4J33yaxbwpDS4FHMfaq1yU9RBhlXUodEM5TiEo=
github.com/dracory/hb v1.88.0 h1:PpxQ9IGTy/L8fZ2iQxTUhieB6u16sluuw/TNxYUcHPs=
github.com/dracory/hb v1.88.0/go.mod h1:ixoy4T+Vr3HADrxkt5MhXQnkOWo0NSuN5WYPXfKjZCs=
github.com/dracory/liveflux v0.26.0 h1:pqMBFXBm+bcpUomo08iVVazIBirPhT9Iz2U00elgX/s=
github.com/dracory/liveflux v0.26.0/go.mod h1:Ro5agi3PU47f1XjCbeNrhCs08IwuvwmM3MxR2ll4gPY=
github.com/dracory/llm v1.4.0 h1:gNS59Ttigco1pWifyR8nqc5apLCuW8jsCf4sI91/1AI=
github.com/dracory/llm v1.4.0/go.mod h1:4o6jHPVlBCfhs8mUoZ42IEUrClL9l4883+pIT3VxzxE=
github.com/dracory/logstore v1.22.1 h1:3Li4uWQEsM6MDfdcdu+z9oCRI/O4CfAOh+czjfd8QrY=
github.com/dracory/logstore v1.22.1/go.mod h1:uYrf6UFjydNCqieUEruq++zgi2zV3E5Fd8UOJsxpjYk=
github.com/dracory/metastore v1.11.0 h1:0RrxiTIBZnLLbhi5mge6TC/XrEHV0XpwTAFMg/bNiz8=
github.com/dracory/metastore v1.11.0/go.mod h1:IypWxa5qKjBeFo8i42E4Ix/W5Q6wWpoG1q6ASYgYFpc=
github.com/dracory/neat v0.39.0 h1:T6ho2JDi5tGY2zMORg/5ew2QS4+qXUhpUenbEC33BxM=
github.com/dracory/neat v0.39.0/go.mod h1:M8prJZjQEv2nsiD2W6EFuCtIi8oUb4efLRWiODIdF3E=
github.com/dracory/req v0.1.0 h1:5mKYnPiCUJG/JQlE/9nxk3OSH+rs8tr45ngg0LwDXsY=
github.com/dracory/req v0.1.0/go.mod h1:XxIjAncVAKKNaVtO+4Qmd3mDfC0NIBVXqQPwwb4qhHs=
github.com/dracory/rtr v1.9.0 h1:eNxpJsACcT9jncfEcIvgqmny5+v2JcvtngtEn7w9kJk=
github.com/dracory/rtr v1.9.0/go.mod h1:c9piFmc7tpiHnIocknH95JyUaBU1N0/FsSTgwGCxkX8=
github.com/dracory/rule v0.8.0 h1:rASrX5X4d1TmUgfqoHtFRm1m2lveFlKsnB8bjHGI1Ik=
github.com/dracory/rule v0.8.0/go.mod h1:sqYABM7mJQBRt8eIb88WT2xqgz/1MxdoJkQzapBQINs=
github.com/dracory/sb v0.26.0 h1:9VoHQsjWl8hVbIu9ZtedILai727oDHRfxijC1yUg/84=
github.com/dracory/sb v0.26.0/go.mod h1:8+WN2MaAMUvnqe1U+Aa8cYJ7aoASn8mqg1O1dKGurs8=
github.com/dracory/sessionstore v1.19.0 h1:7QAF6XVoJiF+H/bDmNwrO6KAC0ydILG0M8G8f/dYuTM=
github.com/dracory/sessionstore v1.19.0/go.mod h1:ALew6/BYgEtPEdD5bKc4hBgjDMNprMDlji3wQTLTH+I=
github.com/dracory/settingstore v1.12.0 h1:EfDjz22CK67ycfKaxGExXft6NRA4tByG31NeuoVAF1M=
github.com/dracory/settingstore v1.12.0/go.mod h1:GEn7tfuR0YBe76UoiAM+OTAhPY3ikO7PjgUKH0Umyqk=
github.com/dracory/shopadmin v0.3.0 h1:j0bln4/kqSDqtSEagZsR2fNdhzNvtPfjEP/aymf+ito=
github.com/dracory/shopadmin v0.3.0/go.mod h1:uKubAdRYNnxUtyFZ1SAhL630khE7QQ7yl26dSehrnhQ=
github.com/dracory/shopstore v1.26.0 h1:Q/v52RxL92+ti1A4LDn4RDJL/iVfUYkTKS/jl9ASLsw=
github.com/dracory/shopstore v1.26.0/go.mod h1:BYytZ6CrxARq6YMc0wyUzJdu7JQCpj6nePpZmPWDpYs=
github.com/dracory/shortcode v0.5.0 h1:RbnLPjDyMqzGS4Y3BO8UaAd/jV146u8ZhhSVsYMJbqc=
github.com/dracory/shortcode v0.5.0/go.mod h1:LWzvL51jE5bD0Dx6FrwBLc9ba7yeBS416lKfaSBZ7SM=
github.com/dracory/sqlfilestore v1.10.0 h1:lvYT+eIqNv4LSqBJferHJ4LVP7thfMYGYq2x8UewoA4=
github.com/dracory/sqlfilestore v1.10.0/go.mod h1:TFpM0iAOu6pA10sNPigsqNaBsXmjzs60oIorcgmPUlk=
github.com/dracory/statsstore v1.27.0 h1:Yl5r11UdhzgLp7uJ0J96Y/3l7TWqexf5qKCQ5QAD1+0=
github.com/dracory/statsstore v1.27.0/go.mod h1:jQb5XX0MEnzwMi97dmoVu1t5flg1ZuNVoCopkn1bLSA=
github.com/dracory/str v0.18.0 h1:YCkim+8ydX3LvtGKHWBfNBSwBxhQ4yd9EUcU1oNKa1k=
github.com/dracory/str v0.18.0/go.mod h1:uCrCZWzm0h8eDxckF0ydWqF1hM1Ro1kZBqhi4GOff2w=
github.com/dracory/subscriptionstore v1.5.0 h1:1fjHT0B3g9QHi27RIYTQR1EoS/kehmxx/YhiD4QI64U=
github.com/dracory/subscriptionstore v1.5.0/go.mod h1:HCwD7lzibbxRKo5MG2o5ZqxB2IRBeIdAEfd5MtFpKR8=
github.com/dracory/taskstore v1.30.0 h1:2aYR4awjVebaBmMIhqp92lmsc/srY5Q9VvKqSWUowEo=
github.com/dracory/taskstore v1.30.0/go.mod h1:F2rmpujcwQnyS45mrIZdFBy/g2wEhgvml2euQsiQf3U=
github.com/dracory/test v0.10.0 h1:1lpQ+b3zb4AhQThCQ6cfG3vD9JFqTUWLpxJTYCtnWP8=
github.com/dracory/test v0.10.0/go.mod h1:eMC5H7Eb4rDep0rdrVUVgKGSx94zgR7npFKM/QOYQb4=
github.com/dracory/ui v0.17.0 h1:h8MQk0H41LuMAWlCQDG02DymAf0OBgJi/BuxrKPf1Bs=
github.com/dracory/ui v0.17.0/go.mod h1:ItkhffHGUvwu0O+mwzXYy2nxGUYedFcm5KtmC8PHVak=
github.com/dracory/uid v1.9.0 h1:R7QbJp/0ztO1wYsRLJgyfieqNRS2aWXMz83QdgQlfx0=
github.com/dracory/uid v1.9.0/go.mod h1:ldOjQLmGsQO4/oRIp5dpgajX3Qf1FI4QMPD34lXSIMI=
github.com/dracory/uncdn v0.9.0 h1:/woWKhiWSvMD9n4VUyE8V2By/KqIo82btf7OQtw2WH8=
github.com/dracory/uncdn v0.9.0/go.mod h1:Mh/YPR/geHsCetPfVOkUuJ0KdDYTSBEmmnXl9dFyC90=
github.com/dracory/userstore v1.18.0 h1:/hVmo6kZpYPDlTIKQkJ2/2npTF2DurIJ0OpykWd5FL8=
github.com/dracory/userstore v1.18.0/go.mod h1:lRpvjAvVGZ5V8KSRlr/7uFW+U6K83aQNSeln9u3fkKs=
github.com/dracory/vaultstore v1.4.1 h1:amOnGElhuKF60cUOoWx0pHLhdCT1GK44TS1+E12sN2Y=
github.com/dracory/vaultstore v1.4.1/go.mod h1:B2gktgN4BdMvD0egoo+DP7HxM1nFt323zM8sPB4Pq28=
github.com/dracory/versionstore v1.7.1 h1:jq9qqLjl28hZBcS4Y+ou73fhL9jlUOGkd3YfuwXrgp8=
github.com/dracory/versionstore v1.7.1/go.mod h1:YLw8zVD/QUcCcgrglJFSY5keWfQhC6xAuBjiG0JDFN4=
github.com/dracory/websrv v0.4.0 h1:n0p0ZkvIK5P5XBSINPzibYJiSJoPoqJ8iDN3tGAlWtU=
github.com/dracory/websrv v0.4.0/go.mod h1:ALZytTbDt9FwSYGLydGbQk2+v+pXO8iftzByM3EOg2s=
github.com/dracory/wf v0.6.0 h1:9DHHenVHlxv17pSZleEVcEDSt3JclVoJwszC9JLRuuY=
github.com/dracory/wf v0.6.0/go.mod h1:q1RUKBUvudzuXdnvsC38RWMVjLYoUqGSyDyZWBtkZS8=
github.com/dromara/carbon/v2 v2.6.17 h1:QL1LVcp5A/NQtIPbc1vrL9qIXxPNWnaDOBaFlmP1iDg=
github.com/dromara/carbon/v2 v2.6.17/go.mod h1:NGo3reeV5vhWCYWcSqbJRZm46MEwyfYI5EJRdVFoLJo=
github.com/dustin/go-humanize v1.0.1 h1:GzkhY7T5VNhEkwH0PVJgjz+fX1rhBrR7pRT3mDkpeCY=
github.com/dustin/go-humanize v1.0.1/go.mod h1:Mu1zIs6XwVuF/gI1OepvI0qD18qycQx+mFykh5fBlto=
github.com/emirpasic/gods v1.18.1 h1:FXtiHYKDGKCW2KzwZKx0iC0PQmdlorYgdFG9jPXJ1Bc=
github.com/emirpasic/gods v1.18.1/go.mod h1:8tpGGwCnJ5H4r6BWwaV6OrWmMoPhUl5jm/FMNAnJvWQ=
github.com/envoyproxy/go-control-plane v0.14.0 h1:hbG2kr4RuFj222B6+7T83thSPqLjwBIfQawTkC++2HA=
github.com/envoyproxy/go-control-plane/envoy v1.37.0 h1:u3riX6BoYRfF4Dr7dwSOroNfdSbEPe9Yyl09/B6wBrQ=
github.com/envoyproxy/go-control-plane/envoy v1.37.0/go.mod h1:DReE9MMrmecPy+YvQOAOHNYMALuowAnbjjEMkkWOi6A=
github.com/envoyproxy/protoc-gen-validate v1.3.3 h1:MVQghNeW+LZcmXe7SY1V36Z+WFMDjpqGAGacLe2T0ds=
github.com/envoyproxy/protoc-gen-validate v1.3.3/go.mod h1:TsndJ/ngyIdQRhMcVVGDDHINPLWB7C82oDArY51KfB0=
github.com/faabiosr/cachego v0.26.0 h1:EDDv2y9T0XJ4Cx3tUhbKSUayGWxCGkkZUivNLceHRWY=
github.com/faabiosr/cachego v0.26.0/go.mod h1:p54WXVzeB1CctH1ix/rjqv1EotNzD0Xoxk2IsR1PQX8=
github.com/felixge/httpsnoop v1.1.0 h1:3YtUj32ZZkqZtt3sZZsClsymw/QDuVfpNhoA31zeORc=
github.com/felixge/httpsnoop v1.1.0/go.mod h1:Zqxgdd+1Rkcz8euOqdr7lqgCRJztwr5hp9vDSi5UZCE=
github.com/flosch/pongo2/v6 v6.1.0 h1:A/NJbrQJJD2B2mbpw3DRFwBYG0xpCr3vwFlEr46y1HQ=
github.com/flosch/pongo2/v6 v6.1.0/go.mod h1:CuDpFm47R0uGGE7z13/tTlt1Y6zdxvr2RLT5LJhsHEU=
github.com/frankban/quicktest v1.14.6 h1:7Xjx+VpznH+oBnejlPUj8oUpdxnVs4f8XU8WnHkI4W8=
github.com/frankban/quicktest v1.14.6/go.mod h1:4ptaffx2x8+WTWXmUCuVU6aPUX1/Mz7zb5vbUoiM6w0=
github.com/gabriel-vasile/mimetype v1.4.15 h1:05iP/CYtZ/w455R/KZM6rZ5ieAdh99UPtd+d3YzLmaI=
github.com/gabriel-vasile/mimetype v1.4.15/go.mod h1:azpTcoLcDZRNgFou5j+APrqQx9HqVPWa6ijYQIIVswQ=
github.com/georgysavva/scany v1.2.3 h1:yaEtl1B2i3qjCIsmLchSrcw2MxktvK+N0oi7uzYyqWk=
github.com/georgysavva/scany v1.2.3/go.mod h1:vGBpL5XRLOocMFFa55pj0P04DrL3I7qKVRL49K6Eu5o=
github.com/go-co-op/gocron v1.37.0 h1:ZYDJGtQ4OMhTLKOKMIch+/CY70Brbb1dGdooLEhh7b0=
github.com/go-co-op/gocron v1.37.0/go.mod h1:3L/n6BkO7ABj+TrfSVXLRzsP26zmikL4ISkLQ0O8iNY=
github.com/go-logr/logr v1.2.2/go.mod h1:jdQByPbusPIv2/zmleS9BjJVeZ6kBagPoEUsqbVz/1A=
github.com/go-logr/logr v1.4.4 h1:tG4xh9yMsRCAiodLVTxyrkzSZ9+o0L1Kg/+cPVcbP/8=
github.com/go-logr/logr v1.4.4/go.mod h1:9T104GzyrTigFIr8wt5mBrctHMim0Nb2HLGrmQ40KvY=
github.com/go-logr/stdr v1.2.2 h1:hSWxHoqTgW2S2qGc0LTAI563KZ5YKYRhT3MFKZMbjag=
github.com/go-logr/stdr v1.2.2/go.mod h1:mMo/vtBO5dYbehREoey6XUKy/eSumjCCveDpRre4VKE=
github.com/go-sql-driver/mysql v1.10.0 h1:Q+1LV8DkHJvSYAdR83XzuhDaTykuDx0l6fkXxoWCWfw=
github.com/go-sql-driver/mysql v1.10.0/go.mod h1:M+cqaI7+xxXGG9swrdeUIoPG3Y3KCkF0pZej+SK+nWk=
github.com/golang-sql/civil v0.0.0-20220223132316-b832511892a9 h1:au07oEsX2xN0ktxqI+Sida1w446QrXBRJ0nee3SNZlA=
github.com/golang-sql/civil v0.0.0-20220223132316-b832511892a9/go.mod h1:8vg3r2VgvsThLBIFL93Qb5yWzgyZWhEmBwUJWevAkK0=
github.com/golang-sql/sqlexp v0.1.0 h1:ZCD6MBpcuOVfGVqsEmY5/4FtYiKz6tSyUv9LPEDei6A=
github.com/golang-sql/sqlexp v0.1.0/go.mod h1:J4ad9Vo8ZCWQ2GMrC4UCQy1JpCbwU9m3EOqtpKwwwHI=
github.com/golang/protobuf v1.5.4 h1:i7eJL8qZTpSEXOPTxNKhASYpMn+8e5Q6AdndVa1dWek=
github.com/golang/protobuf v1.5.4/go.mod h1:lnTiLA8Wa4RWRcIUkrtSVa5nRhsEGBg48fD6rSs7xps=
github.com/google/go-cmp v0.7.0 h1:wk8382ETsv4JYUZwIsn6YpYiWiBsYLSJiTsyBybVuN8=
github.com/google/go-cmp v0.7.0/go.mod h1:pXiqmnSA92OHEEa9HXL2W4E7lf9JzCmGVUdgjX3N/iU=
github.com/google/pprof v0.0.0-20260802141513-ef3492d7dac3 h1:LMLX+LgTNWpfvCBdFebv6EsYotImrt/Ppc5cXIriCSo=
github.com/google/pprof v0.0.0-20260802141513-ef3492d7dac3/go.mod h1:jl5iWTm0/hd5PjEYEOuwAJ57L/CibdZfrqZ5XA5GrCk=
github.com/google/s2a-go v0.1.9 h1:LGD7gtMgezd8a/Xak7mEWL0PjoTQFvpRudN895yqKW0=
github.com/google/s2a-go v0.1.9/go.mod h1:YA0Ei2ZQL3acow2O62kdp9UlnvMmU7kA6Eutn0dXayM=
github.com/google/uuid v1.4.0/go.mod h1:TIyPZe4MgqvfeYDBFedMoGGpEw/LqOeaOT+nhxU+yHo=
github.com/google/uuid v1.6.0 h1:NIvaJDMOsjHA8n1jAhLSgzrAzy1Hgr+hNrb57e+94F0=
github.com/google/uuid v1.6.0/go.mod h1:TIyPZe4MgqvfeYDBFedMoGGpEw/LqOeaOT+nhxU+yHo=
github.com/googleapis/enterprise-certificate-proxy v0.3.21 h1:OFdQ3tnCX/zaQ0Cedur3D3z7kI6HiLX9g3TiAN4/DFU=
github.com/googleapis/enterprise-certificate-proxy v0.3.21/go.mod h1:L3D/IQExI6LqEjBdXcZQ1WluSgigQmSwBboFstVPM4w=
github.com/googleapis/gax-go/v2 v2.23.0 h1:Tchl7qkvE7Ip3y+ztvNufYFvkfqTe7NfLTYGIdJRLuE=
github.com/googleapis/gax-go/v2 v2.23.0/go.mod h1:rBQKOVJCdb8IFEzg+FCwlt1LP/xMDGuqUXhUG+XMXEg=
github.com/gookit/assert v0.1.1 h1:lh3GcawXe/p+cU7ESTZ5Ui3Sm/x8JWpIis4/1aF0mY0=
github.com/gookit/assert v0.1.1/go.mod h1:jS5bmIVQZTIwk42uXl4lyj4iaaxx32tqH16CFj0VX2E=
github.com/gookit/color v1.6.1 h1:KoTnDxJPRgrL0SoX0f8rCFg2zI0t4E3GZZBMo2nN8LU=
github.com/gookit/color v1.6.1/go.mod h1:9ACFc7/1IpHGBW8RwuDm/0YEnhg3dwwXpoMsmtyHfjs=
github.com/goravel/framework v1.18.0 h1:TFiLAAYcKGkJG4K9qcSGhzTIAUFvzp/APCumxN55shg=
github.com/goravel/framework v1.18.0/go.mod h1:7nTfWdu987t+MmB1s+TtqbuJJLngmjCjsMbw3FQLNcA=
github.com/gorilla/websocket v1.5.3 h1:saDtZ6Pbx/0u+bgYQ3q96pZgCzfhKXGPqt7kZ72aNNg=
github.com/gorilla/websocket v1.5.3/go.mod h1:YR8l580nyteQvAITg2hZ9XVh4b55+EU/adAjf1fMHhE=
github.com/hashicorp/golang-lru/v2 v2.0.7 h1:a+bsQ5rvGLjzHuww6tVxozPZFVghXaHOwFs4luLUK2k=
github.com/hashicorp/golang-lru/v2 v2.0.7/go.mod h1:QeFd9opnmA6QUJc5vARoKUSoFhyfM2/ZepoAG6RGpeM=
github.com/jedib0t/go-pretty/v6 v6.8.3 h1:yVSk5aemoYHCvcrtqyXklwqcgHQIQzmy/oUzFlmffSQ=
github.com/jedib0t/go-pretty/v6 v6.8.3/go.mod h1:YwC5CE4fJ1HFUDeivSV1r//AmANFHyqczZk+U6BDALU=
github.com/jellydator/ttlcache/v3 v3.4.1 h1:bOdXmXiycyK6E6Qjyuj5vl+/vU3SCOoDs8a86NbHjAQ=
github.com/jellydator/ttlcache/v3 v3.4.1/go.mod h1:j7LO12PNghFg5+0v9budMAT4rDK4JY969jb9vOdOBBk=
github.com/joho/godotenv v1.5.1 h1:7eLL/+HRGLY0ldzfGMeQkb7vMd0as4CfYvUVzLqw0N0=
github.com/joho/godotenv v1.5.1/go.mod h1:f4LDr5Voq0i2e/R5DDNOoa2zzDfwtkZa6DnEwAbqwq4=
github.com/jordan-wright/email v4.0.1-0.20210109023952-943e75fe5223+incompatible h1:jdpOPRN1zP63Td1hDQbZW73xKmzDvZHzVdNYxhnTMDA=
github.com/jordan-wright/email v4.0.1-0.20210109023952-943e75fe5223+incompatible/go.mod h1:1c7szIrayyPPB/987hsnvNzLushdWf4o/79s3P08L8A=
github.com/klauspost/cpuid/v2 v2.3.0 h1:S4CRMLnYUhGeDFDqkGriYKdfoFlDnMtqTiI/sFzhA9Y=
github.com/klauspost/cpuid/v2 v2.3.0/go.mod h1:hqwkgyIinND0mEev00jJYCxPNVRVXFQeu1XKlok6oO0=
github.com/kr/fs v0.1.0 h1:Jskdu9ieNAYnjxsi0LbQp1ulIKZV1LAFgK1tWhpZgl8=
github.com/kr/fs v0.1.0/go.mod h1:FFnZGqtBN9Gxj7eW1uZ42v5BccTP0vu6NEaFoC2HwRg=
github.com/kr/pretty v0.1.0/go.mod h1:dAy3ld7l9f0ibDNOQOHHMYYIIbhfbHSm3C4ZsoJORNo=
github.com/kr/pretty v0.2.1/go.mod h1:ipq/a2n7PKx3OHsz4KJII5eveXtPO4qwEXGdVfWzfnI=
github.com/kr/pretty v0.3.0/go.mod h1:640gp4NfQd8pI5XOwp5fnNeVWj67G7CFk/SaSQn7NBk=
github.com/kr/pretty v0.3.1 h1:flRD4NNwYAUpkphVc1HcthR4KEIFJ65n8Mw5qdRn3LE=
github.com/kr/pretty v0.3.1/go.mod h1:hoEshYVHaxMs3cyo3Yncou5ZscifuDolrwPKZanG3xk=
github.com/kr/pty v1.1.1/go.mod h1:pFQYn66WHrOpPYNljwOMqo10TkYh1fy3cYio2l3bCsQ=
github.com/kr/text v0.1.0/go.mod h1:4Jbv+DJW3UT/LiOwJeYQe1efqtUx/iVham/4vfdArNI=
github.com/kr/text v0.2.0 h1:5Nx0Ya0ZqY2ygV366QzturHI13Jq95ApcVaJBhpS+AY=
github.com/kr/text v0.2.0/go.mod h1:eLer722TekiGuMkidMxC/pM04lWEeraHUUmBw8l2grE=
github.com/lib/pq v1.12.3 h1:tTWxr2YLKwIvK90ZXEw8GP7UFHtcbTtty8zsI+YjrfQ=
github.com/lib/pq v1.12.3/go.mod h1:/p+8NSbOcwzAEI7wiMXFlgydTwcgTr3OSKMsD2BitpA=
github.com/lithammer/fuzzysearch v1.1.8 h1:/HIuJnjHuXS8bKaiTMeeDlW2/AyIWk2brx1V8LFgLN4=
github.com/lithammer/fuzzysearch v1.1.8/go.mod h1:IdqeyBClc3FFqSzYq/MXESsS4S0FsZ5ajtkr5xPLts4=
github.com/lmittmann/tint v1.2.0 h1:AogHRHy8HUJUnNJBHJlYa+fR4YY8mko2cnCp67xn9JY=
github.com/lmittmann/tint v1.2.0/go.mod h1:HIS3gSy7qNwGCj+5oRjAutErFBl4BzdQP6cJZ0NfMwE=
github.com/mattn/go-isatty v0.0.24 h1:tGZZoVgT/KiqK1c8ocVLeDS8BSWMRd47J3Lbz7vsReI=
github.com/mattn/go-isatty v0.0.24/go.mod h1:nMCL3Zebbrt45jsMDgnfIwz6ydEQApk5oEI3HqDio6A=
github.com/mattn/go-runewidth v0.0.27 h1:Feg/Oou5zI/wnpgDF6omIU0OokC9GxLC/WRknhVlIR0=
github.com/mattn/go-runewidth v0.0.27/go.mod h1:3qAiGCV4Koz/yuveO58qUefmUTRm8r0IGEXZ9jeHp/8=
github.com/microsoft/go-mssqldb v1.10.0 h1:pHEt+Qz6YFPWqREq10mqSE524QQo+/QremwTCQht7TY=
github.com/microsoft/go-mssqldb v1.10.0/go.mod h1:mnG7lGa9iYJbzJqGCXyuQCegStKMr3kogDLD6+bmggg=
github.com/mileusna/useragent v1.3.5 h1:SJM5NzBmh/hO+4LGeATKpaEX9+b4vcGg2qXGLiNGDws=
github.com/mileusna/useragent v1.3.5/go.mod h1:3d8TOmwL/5I8pJjyVDteHtgDGcefrFUX4ccGOMKNYYc=
github.com/mocktools/go-smtp-mock v1.10.0 h1:glrRmjNqASyy+jf1IJ2nCWgEbJScD3Amf2IGcXgdEVg=
github.com/mocktools/go-smtp-mock v1.10.0/go.mod h1:mmvlBVX6MTOBHtROX+tor9YZF5JENN8d8wrToD1vvg4=
github.com/ncruces/go-strftime v1.0.0 h1:HMFp8mLCTPp341M/ZnA4qaf7ZlsbTc+miZjCLOFAw7w=
github.com/ncruces/go-strftime v1.0.0/go.mod h1:Fwc5htZGVVkseilnfgOVb9mKy6w1naJmn9CehxcKcls=
github.com/pkg/diff v0.0.0-20210226163009-20ebb0f2a09e/go.mod h1:pJLUxLENpZxwdsKMEsNbx1VGcRFpLqf3715MtcvvzbA=
github.com/pkg/sftp v1.13.11 h1:0N92SLTB8JqASJB14ZLHHzFnBV8mG9zw4K7jghEFWuE=
github.com/pkg/sftp v1.13.11/go.mod h1:uNkH9roSXglNJqM+glJJi+TQXQUm0fXFWqCFmT8hsN0=
github.com/planetscale/vtprotobuf v0.6.1-0.20240319094008-0393e58bdf10 h1:GFCKgmp0tecUJ0sJuv4pzYCqS9+RGSn52M3FUwPs+uo=
github.com/planetscale/vtprotobuf v0.6.1-0.20240319094008-0393e58bdf10/go.mod h1:t/avpk3KcrXxUnYOhZhMXJlSEyie6gQbtLq5NM3loB8=
github.com/pmezard/go-difflib v1.0.0/go.mod h1:iKH77koFhYxTK1pcRnkKkqfTogsbg7gZNVY4sRDYZ/4=
github.com/pmezard/go-difflib v1.0.1-0.20181226105442-5d4384ee4fb2 h1:Jamvg5psRIccs7FGNTlIRMkT8wgtp5eCXdBlqhYGL6U=
github.com/pmezard/go-difflib v1.0.1-0.20181226105442-5d4384ee4fb2/go.mod h1:iKH77koFhYxTK1pcRnkKkqfTogsbg7gZNVY4sRDYZ/4=
github.com/pterm/pterm v0.12.83 h1:ie+YmGmA727VuhxBlyGr74Ks+7McV6kT99IB8EU80aA=
github.com/pterm/pterm v0.12.83/go.mod h1:xlgc6bFWyJIMtmLJvGim+L7jhSReilOlOnodeIYe4Tk=
github.com/remyoudompheng/bigfft v0.0.0-20230129092748-24d4a6f8daec h1:W09IVJc94icq4NjY3clb7Lk8O1qJ8BdBEF8z0ibU0rE=
github.com/remyoudompheng/bigfft v0.0.0-20230129092748-24d4a6f8daec/go.mod h1:qqbHyh8v60DhA7CoWK5oRCqLrMHRGoxYCSS9EjAz6Eo=
github.com/robertkrimen/otto v0.5.1 h1:avDI4ToRk8k1hppLdYFTuuzND41n37vPGJU7547dGf0=
github.com/robertkrimen/otto v0.5.1/go.mod h1:bS433I4Q9p+E5pZLu7r17vP6FkE6/wLxBdmKjoqJXF8=
github.com/robfig/cron/v3 v3.0.1 h1:WdRxkvbJztn8LMz/QEvLN5sBU+xKpSqwwUO1Pjr4qDs=
github.com/robfig/cron/v3 v3.0.1/go.mod h1:eQICP3HwyT7UooqI/z+Ov+PtYAWygg1TEWWzGIFLtro=
github.com/rogpeppe/go-internal v1.6.1/go.mod h1:xXDCJY+GAPziupqXw64V24skbSoqbTEfhy4qGm1nDQc=
github.com/rogpeppe/go-internal v1.8.1/go.mod h1:JeRgkft04UBgHMgCIwADu4Pn6Mtm5d4nPKWu0nJ5d+o=
github.com/rogpeppe/go-internal v1.15.0 h1:D0RCU5rMAp+SpgkiNdrjfJ+LX4J1M32V2NeCY7EJ6hc=
github.com/rogpeppe/go-internal v1.15.0/go.mod h1:DrUVZyrJU+txYW5/1kwtXQSMFio52ZOxX7yM1VHvnxs=
github.com/samber/lo v1.53.0 h1:t975lj2py4kJPQ6haz1QMgtId2gtmfktACxIXArw3HM=
github.com/samber/lo v1.53.0/go.mod h1:4+MXEGsJzbKGaUEQFKBq2xtfuznW9oz/WrgyzMzRoM0=
github.com/sashabaranov/go-openai v1.42.0 h1:fgeZx7/D8dRT//PwXAGe9ylOMtj6vrs999uWF71K+f8=
github.com/sashabaranov/go-openai v1.42.0/go.mod h1:lj5b/K+zjTSFxVLijLSTDZuP7adOgerWeFyZLUhAKRg=
github.com/sergi/go-diff v1.4.0 h1:n/SP9D5ad1fORl+llWyN+D6qoUETXNZARKjyY2/KVCw=
github.com/sergi/go-diff v1.4.0/go.mod h1:A0bzQcvG0E7Rwjx0REVgAGH58e96+X0MeOfepqsbeW4=
github.com/sfreiberg/simplessh v0.0.0-20220719182921-185eafd40485 h1:ZMBZ2DKX1sScUSo9ZUwGI7jCMukslPNQNfZaw9vVyfY=
github.com/sfreiberg/simplessh v0.0.0-20220719182921-185eafd40485/go.mod h1:9qeq2P58+4+LyuncL3waJDG+giOfXgowfrRZZF9XdWk=
github.com/shopspring/decimal v1.4.0 h1:bxl37RwXBklmTi0C79JfXCEBD1cqqHt0bbgBAGFp81k=
github.com/shopspring/decimal v1.4.0/go.mod h1:gawqmDU56v4yIKSwfBSFip1HdCCXN8/+DMd9qYNcwME=
github.com/sijms/go-ora/v2 v2.9.0 h1:+iQbUeTeCOFMb5BsOMgUhV8KWyrv9yjKpcK4x7+MFrg=
github.com/sijms/go-ora/v2 v2.9.0/go.mod h1:QgFInVi3ZWyqAiJwzBQA+nbKYKH77tdp1PYoCqhR2dU=
github.com/spf13/cast v1.10.0 h1:h2x0u2shc1QuLHfxi+cTJvs30+ZAHOGRic8uyGTDWxY=
github.com/spf13/cast v1.10.0/go.mod h1:jNfB8QC9IA6ZuY2ZjDp0KtFO2LZZlg4S/7bzP6qqeHo=
github.com/stretchr/objx v0.1.0/go.mod h1:HFkY916IF+rwdDfMAkV7OtwuqBVzrE8GR6GFx+wExME=
github.com/stretchr/objx v0.4.0/go.mod h1:YvHI0jy2hoMjB+UWwv71VJQ9isScKT/TqJzVSSt89Yw=
github.com/stretchr/objx v0.5.0/go.mod h1:Yh+to48EsGEfYuaHDzXPcE3xhTkx73EhmCGUpEOglKo=
github.com/stretchr/objx v0.5.3 h1:jmXUvGomnU1o3W/V5h2VEradbpJDwGrzugQQvL0POH4=
github.com/stretchr/objx v0.5.3/go.mod h1:rDQraq+vQZU7Fde9LOZLr8Tax6zZvy4kuNKF+QYS+U0=
github.com/stretchr/testify v1.3.0/go.mod h1:M5WIy9Dh21IEIfnGCwXGc5bZfKNJtfHm1UVUgZn+9EI=
github.com/stretchr/testify v1.7.0/go.mod h1:6Fq8oRcR53rry900zMqJjRRixrwX3KX962/h/Wwjteg=
github.com/stretchr/testify v1.7.1/go.mod h1:6Fq8oRcR53rry900zMqJjRRixrwX3KX962/h/Wwjteg=
github.com/stretchr/testify v1.8.0/go.mod h1:yNjHg4UonilssWZ8iaSj1OCr/vHnekPRkoO+kdMU+MU=
github.com/stretchr/testify v1.8.2/go.mod h1:w2LPCIKwWwSfY2zedu0+kehJoqGctiVI29o6fzry7u4=
github.com/stretchr/testify v1.11.1 h1:7s2iGBzp5EwR7/aIZr8ao5+dra3wiQyKjjFuvgVKu7U=
github.com/stretchr/testify v1.11.1/go.mod h1:wZwfW3scLgRK+23gO65QZefKpKQRnfz6sD981Nm4B6U=
github.com/stripe/stripe-go/v73 v73.16.0 h1:X3uTpl3zwY7tSPjcltQJ9t/7TYOgfqT6QQK7Qml995I=
github.com/stripe/stripe-go/v73 v73.16.0/go.mod h1:Uk0oBh96JHdlxRsu0/t8XfuJ3xOUQTUgpKAFZuDcFnQ=
github.com/teambition/rrule-go v1.8.2 h1:lIjpjvWTj9fFUZCmuoVDrKVOtdiyzbzc93qTmRVe/J8=
github.com/teambition/rrule-go v1.8.2/go.mod h1:Ieq5AbrKGciP1V//Wq8ktsTXwSwJHDD5mD/wLBGl3p4=
github.com/tidwall/gjson v1.19.0 h1:xwxm7n691Uf3u5OFjzngavjGTh55KX5q/9w9xHW88JU=
github.com/tidwall/gjson v1.19.0/go.mod h1:V37/opeE/JbLUOfH0QTXiNez2l0RUjYUhpT4szFQAfc=
github.com/tidwall/match v1.2.0 h1:0pt8FlkOwjN2fPt4bIl4BoNxb98gGHN2ObFEDkrfZnM=
github.com/tidwall/match v1.2.0/go.mod h1:eRSPERbgtNPcGhD8UCthc6PmLEQXEWd3PRB5JTxsfmM=
github.com/tidwall/pretty v1.2.1 h1:qjsOFOWWQl+N3RsoF5/ssm1pHmJJwhjlSbZ51I6wMl4=
github.com/tidwall/pretty v1.2.1/go.mod h1:ITEVvHYasfjBbM0u2Pg8T2nJnzm8xPwvNhhsoaGGjNU=
github.com/tursodatabase/libsql-client-go v0.0.0-20260528064733-9d5d30a29a60 h1:TfQEwhr0Q9t+Bgs0TNk2eHZ9EGD107Mimic0kcoGS1M=
github.com/tursodatabase/libsql-client-go v0.0.0-20260528064733-9d5d30a29a60/go.mod h1:08inkKyguB6CGGssc/JzhmQWwBgFQBgjlYFjxjRh7nU=
github.com/xo/terminfo v1.0.0 h1:2ZpYzqWzyyytjk3TP6aJVDhkMAkc99/1xKQdA3TDTBY=
github.com/xo/terminfo v1.0.0/go.mod h1:RbqR21r5mrJuqunuUZ/Dhy/avygyECGrLceyNeo4LiM=
github.com/yuin/goldmark v1.4.13/go.mod h1:6yULJ656Px+3vBD8DxQVa3kxgyrAnzto9xy5taEt/CY=
github.com/yuin/goldmark v1.8.5 h1:r6N5afV5qj/5S4UTch8agZHJ8UxNCMwX7WjkkJam2NA=
github.com/yuin/goldmark v1.8.5/go.mod h1:ip/1k0VRfGynBgxOz0yCqHrbZXhcjxyuS66Brc7iBKg=
go.opentelemetry.io/auto/sdk v1.2.1 h1:jXsnJ4Lmnqd11kwkBV2LgLoFMZKizbCi5fNZ/ipaZ64=
go.opentelemetry.io/auto/sdk v1.2.1/go.mod h1:KRTj+aOaElaLi+wW1kO/DZRXwkF4C5xPbEe3ZiIhN7Y=
go.opentelemetry.io/contrib/instrumentation/google.golang.org/grpc/otelgrpc v0.70.0 h1:oECp5f+hN7nkwjU/8BxQ/q23bGPb8FIrD839owX222E=
go.opentelemetry.io/contrib/instrumentation/google.golang.org/grpc/otelgrpc v0.70.0/go.mod h1:DqEFwLumhzMBDQv9PcWbyoDxHI/4lAk6CM4nJBH39sc=
go.opentelemetry.io/contrib/instrumentation/net/http/otelhttp v0.70.0 h1:LMuyCAyfalSjDyjdC65nK6N0zoTT63+E/u95X0JovZI=
go.opentelemetry.io/contrib/instrumentation/net/http/otelhttp v0.70.0/go.mod h1:085m8qbm4hgc8rZWGDEa4vmyyo2c3nPxUslYUKUIU04=
go.opentelemetry.io/otel v1.45.0 h1:pdrWmLHofpubmArBv1LgFSv1Z0Ie/ppdZzu+kUN5EeU=
go.opentelemetry.io/otel v1.45.0/go.mod h1:XZxIqPapzEYnhNSScF5DIqXhm/rYi0FzCe2XddAwZfQ=
go.opentelemetry.io/otel/metric v1.45.0 h1:7Eg1uH7CJ5cXv9is6tnBe1FI6rj1nwUdbFypRm3br/M=
go.opentelemetry.io/otel/metric v1.45.0/go.mod h1:HAPbm1nd3p1PmFH7v2dR+6BjXxw+Lq4a2+pndMAm08s=
go.opentelemetry.io/otel/sdk v1.45.0 h1:4VVSMgQ83dUgW2aoX5f6JgLvHwIvzcuLnF9lUdCSpCw=
go.opentelemetry.io/otel/sdk v1.45.0/go.mod h1:Sr40LgXV7DsKMMJMKOhUWOgMWTfAaqvm2kF0g7ilwuA=
go.opentelemetry.io/otel/sdk/metric v1.45.0 h1:oVFszMfyj1Am6s24Vtc7wBb8BKLcwepJjNEYILuiE3o=
go.opentelemetry.io/otel/sdk/metric v1.45.0/go.mod h1:vUWUxDZvu1WVRj8JA8S0AdhsPrZoDpA2DdZauIh4mDA=
go.opentelemetry.io/otel/trace v1.45.0 h1:l/mP6Uv7oNO7/TblbhpbgMidxhq1uO/rPsikOyVhxag=
go.opentelemetry.io/otel/trace v1.45.0/go.mod h1:qoJJA2xNMnxRrdISU/kLtfUH2wNeQbiv+jhs/CxI8bc=
go.uber.org/atomic v1.9.0/go.mod h1:fEN4uk6kAWBTFdckzkM89CLk9XfWZrxpCo0nPH17wJc=
go.uber.org/atomic v1.11.0 h1:ZvwS0R+56ePWxUNi+Atn9dWONBPp/AUETXlHW0DxSjE=
go.uber.org/atomic v1.11.0/go.mod h1:LUxbIzbOniOlMKjJjyPfpl4v+PKK2cNJn91OQbhoJI0=
go.uber.org/goleak v1.3.0 h1:2K3zAYmnTNqV73imy9J1T3WC+gmCePx2hEGkimedGto=
go.uber.org/goleak v1.3.0/go.mod h1:CoHD4mav9JJNrW/WLlf7HGZPjdw8EucARQHekz1X6bE=
golang.org/x/crypto v0.0.0-20190308221718-c2843e01d9a2/go.mod h1:djNgcEr1/C05ACkg1iLfiJU5Ep61QUkGW8qpdssI0+w=
golang.org/x/crypto v0.0.0-20210513164829-c07d793c2f9a/go.mod h1:P+XmwS30IXTQdn5tA2iutPOUgjI07+tq3H3K9MVA1s8=
golang.org/x/crypto v0.0.0-20210921155107-089bfa567519/go.mod h1:GvvjBRRGRdwPK5ydBHafDWAxML/pGHZbMvKqRZ5+Abc=
golang.org/x/crypto v0.55.0 h1:+KWHjbgOaAQ66dh/YlkZKHlz9ZUlq61AFirAR9ntP8M=
golang.org/x/crypto v0.55.0/go.mod h1:uq0V9dE/fzQuJtbnL+2EhWOE63vo164FY8xqEnV9xis=
golang.org/x/exp v0.0.0-20260813180055-c1d0aacb2297 h1:YXnL44eJ77R+ji4/ooy8UsXIhz+lbi2Qgdlc8iRN0gY=
golang.org/x/exp v0.0.0-20260813180055-c1d0aacb2297/go.mod h1:Mkmymgv+uMpSQ/XxJ/7GpdrdYoqm3u72jEbpCLiJmNk=
golang.org/x/image v0.0.0-20191009234506-e7c1f5e7dbb8/go.mod h1:FeLwcggjj3mMvU+oOTbSwawSJRM1uh48EjtB4UJZlP0=
golang.org/x/image v0.45.0 h1:FMb1nTbH5H9vF55SriQHgFw5GnNL9Jg6L25BwXKzhB0=
golang.org/x/image v0.45.0/go.mod h1:n62x/7RqlwXDvGsSU4u6IUTUf6KghUZ9Bt7cG/T9Fx4=
golang.org/x/mod v0.6.0-dev.0.20220419223038-86c51ed26bb4/go.mod h1:jJ57K6gSWd91VN4djpZkiMVwK6gcyfeH4XE8wZrZaV4=
golang.org/x/mod v0.8.0/go.mod h1:iBbtSCu2XBx23ZKBPSOrRkjjQPZFPuis4dIYUhu/chs=
golang.org/x/mod v0.39.0 h1:UF5zwQdCRRUpHfyPwr7d4UrGiVeldIsogtzWVnczL74=
golang.org/x/mod v0.39.0/go.mod h1:bvIbwjQ0HUFFf5AKukeeYQG4ZBUG9yxQbR9aEweIwYY=
golang.org/x/net v0.0.0-20190620200207-3b0461eec859/go.mod h1:z5CRVTTTmAJ677TzLLGU+0bjPO0LkuOLi4/5GtJWs/s=
golang.org/x/net v0.0.0-20200324143707-d3edc9973b7e/go.mod h1:qpuaurCH72eLCgpAm/N6yyVIVM9cpaDIP3A8BGJEC5A=
golang.org/x/net v0.0.0-20210226172049-e18ecbb05110/go.mod h1:m0MpNAwzfU5UDzcl9v0D8zg8gWTRqZa9RBIspLL5mdg=
golang.org/x/net v0.0.0-20220722155237-a158d28d115b/go.mod h1:XRhObCWvk6IyKnWLug+ECip1KBveYUHfp+8e9klMJ9c=
golang.org/x/net v0.6.0/go.mod h1:2Tu9+aMcznHK/AK1HMvgo6xiTLG5rD5rZLDS+rp2Bjs=
golang.org/x/net v0.58.0 h1:ynWG7rqYi4ccpTEuPZ2QGWHktVEM9DMCj9yzDE0Q7To=
golang.org/x/net v0.58.0/go.mod h1:YwCddHnFlT7eLQqVprV19OnhLGtc5xOKgE0RyqgfWAU=
golang.org/x/oauth2 v0.36.0 h1:peZ/1z27fi9hUOFCAZaHyrpWG5lwe0RJEEEeH0ThlIs=
golang.org/x/oauth2 v0.36.0/go.mod h1:YDBUJMTkDnJS+A4BP4eZBjCqtokkg1hODuPjwiGPO7Q=
golang.org/x/sync v0.0.0-20190423024810-112230192c58/go.mod h1:RxMgew5VJxzue5/jJTE5uejpjVlOe/izrB70Jof72aM=
golang.org/x/sync v0.0.0-20220722155255-886fb9371eb4/go.mod h1:RxMgew5VJxzue5/jJTE5uejpjVlOe/izrB70Jof72aM=
golang.org/x/sync v0.1.0/go.mod h1:RxMgew5VJxzue5/jJTE5uejpjVlOe/izrB70Jof72aM=
golang.org/x/sync v0.22.0 h1:SZjpbeLmrCk4xhRSZFNZW5gFUeCeFgjekvI/+gfScek=
golang.org/x/sync v0.22.0/go.mod h1:9xrNwdLfx4jkKbNva9FpL6vEN7evnE43NNNJQ2LF3+0=
golang.org/x/sys v0.0.0-20190215142949-d0b11bdaac8a/go.mod h1:STP8DvDyc/dI5b8T5hshtkjS+E42TnysNCUPdjciGhY=
golang.org/x/sys v0.0.0-20200323222414-85ca7c5b95cd/go.mod h1:h1NjWce9XRLGQEsW7wpKNCjG9DtNlClVuFLEZdDNbEs=
golang.org/x/sys v0.0.0-20201119102817-f84b799fce68/go.mod h1:h1NjWce9XRLGQEsW7wpKNCjG9DtNlClVuFLEZdDNbEs=
golang.org/x/sys v0.0.0-20210615035016-665e8c7367d1/go.mod h1:oPkhp1MJrh7nUepCBck5+mAzfO9JrbApNNgaTdGDITg=
golang.org/x/sys v0.0.0-20220520151302-bc2c85ada10a/go.mod h1:oPkhp1MJrh7nUepCBck5+mAzfO9JrbApNNgaTdGDITg=
golang.org/x/sys v0.0.0-20220722155257-8c9f86f7a55f/go.mod h1:oPkhp1MJrh7nUepCBck5+mAzfO9JrbApNNgaTdGDITg=
golang.org/x/sys v0.1.0/go.mod h1:oPkhp1MJrh7nUepCBck5+mAzfO9JrbApNNgaTdGDITg=
golang.org/x/sys v0.5.0/go.mod h1:oPkhp1MJrh7nUepCBck5+mAzfO9JrbApNNgaTdGDITg=
golang.org/x/sys v0.47.0 h1:o7XGOvZQCADBQQ4Y7VNq2dRWQR7JmOUW8Kxx4ZsNgWs=
golang.org/x/sys v0.47.0/go.mod h1:4GL1E5IUh+htKOUEOaiffhrAeqysfVGipDYzABqnCmw=
golang.org/x/term v0.0.0-20201126162022-7de9c90e9dd1/go.mod h1:bj7SfCRtBDWHUb9snDiAeCFNEtKQo2Wmx5Cou7ajbmo=
golang.org/x/term v0.0.0-20210927222741-03fcf44c2211/go.mod h1:jbD1KX2456YbFQfuXm/mYQcufACuNUgVhRMnK/tPxf8=
golang.org/x/term v0.5.0/go.mod h1:jMB1sMXY+tzblOD4FWmEbocvup2/aLOaQEp7JmGp78k=
golang.org/x/term v0.45.0 h1:NwWyBmoJCbfTHpxrWoZ9C6/VxOf7ic219I8xZZFdrf0=
golang.org/x/term v0.45.0/go.mod h1:9aqxs0blBcrm/n0L9QW0aRVD+ktan8ssZromtqJC43w=
golang.org/x/text v0.3.0/go.mod h1:NqM8EUOU14njkJ3fqMW+pc6Ldnwhi/IjpwHt7yyuwOQ=
golang.org/x/text v0.3.3/go.mod h1:5Zoc/QRtKVWzQhOtBMvqHzDpF6irO9z98xDceosuGiQ=
golang.org/x/text v0.3.7/go.mod h1:u+2+/6zg+i71rQMx5EYifcz6MCKuco9NR6JIITiCfzQ=
golang.org/x/text v0.7.0/go.mod h1:mrYo+phRRbMaCq/xk9113O4dZlRixOauAjOtrjsXDZ8=
golang.org/x/text v0.9.0/go.mod h1:e1OnstbJyHTd6l/uOt8jFFHp6TRDWZR/bV3emEE/zU8=
golang.org/x/text v0.41.0 h1:vz/seA0lnX87Othu2f/0L24RcgrXD9/YFTSuGjj3rH8=
golang.org/x/text v0.41.0/go.mod h1:jvf1O8ajNzZqhSrQBPbutR/EB83Cc0CFrezNQIwbb5M=
golang.org/x/time v0.15.0 h1:bbrp8t3bGUeFOx08pvsMYRTCVSMk89u4tKbNOZbp88U=
golang.org/x/time v0.15.0/go.mod h1:Y4YMaQmXwGQZoFaVFk4YpCt4FLQMYKZe9oeV/f4MSno=
golang.org/x/tools v0.0.0-20180917221912-90fa682c2a6e/go.mod h1:n7NCudcB/nEzxVGmLbDWY5pfWTLqBcC2KZ6jyYvM4mQ=
golang.org/x/tools v0.0.0-20191119224855-298f0cb1881e/go.mod h1:b+2E5dAYhXwXZwtnZ6UAqBI28+e2cm9otk0dWdXHAEo=
golang.org/x/tools v0.1.12/go.mod h1:hNGJHUnrk76NpqgfD5Aqm5Crs+Hm0VOH/i9J2+nxYbc=
golang.org/x/tools v0.6.0/go.mod h1:Xwgl3UAJ/d3gWutnCtw505GrjyAbvKui8lOU390QaIU=
golang.org/x/tools v0.49.0 h1:3NI7VXzL9+1WZD52Dx2ttoPwD5DWrFGpl9mFZDlmisI=
golang.org/x/tools v0.49.0/go.mod h1:SJNXV9DBKT0UbdttsQjbfJlAE/q+y36++zo3uL3N0Oo=
golang.org/x/xerrors v0.0.0-20190717185122-a985d3407aa7/go.mod h1:I/5z698sn9Ka8TeJc9MKroUUfqBBauWjQqLJ2OPfmY0=
gonum.org/v1/gonum v0.17.0 h1:VbpOemQlsSMrYmn7T2OUvQ4dqxQXU+ouZFQsZOx50z4=
gonum.org/v1/gonum v0.17.0/go.mod h1:El3tOrEuMpv2UdMrbNlKEh9vd86bmQ6vqIcDwxEOc1E=
google.golang.org/api v0.293.0 h1:p9XIWOf63U4OgYx120ZwVU8+vl4XTPmWfgVPnmOAS9w=
google.golang.org/api v0.293.0/go.mod h1:6n5tjEB1gzwniZTepZ0g5u+wM7Bof5GeULCx/zh8ZE0=
google.golang.org/genai v1.68.0 h1:gmALuBU6mRy46wupEt20wBR1dYAMY13t/jkTxpdzhzE=
google.golang.org/genai v1.68.0/go.mod h1:mDdPDFXo1Ats7f1WXVyZgWb/CkMzFWTWJruIMy7hGIU=
google.golang.org/genproto v0.0.0-20260817212433-ac3dfec99bb1 h1:Y4ja3QT4yfZj27p4C4nT5FRT+Xld5cGrk4jna0/G3M4=
google.golang.org/genproto v0.0.0-20260817212433-ac3dfec99bb1/go.mod h1:UpDDw2l68z31m5UZN/Qi0Kow16ohhlJVlmqC3qRM5Q8=
google.golang.org/genproto/googleapis/api v0.0.0-20260817212433-ac3dfec99bb1 h1:lrupDmKL3p5kEX1M92oan027eCKcouzjuPbH6YBK+Rs=
google.golang.org/genproto/googleapis/api v0.0.0-20260817212433-ac3dfec99bb1/go.mod h1:q/3oV3jAi5vwelxsVAprMBC8BcM2zmNe+IjRGd+9/ks=
google.golang.org/genproto/googleapis/rpc v0.0.0-20260817212433-ac3dfec99bb1 h1:utmqiUzZAEINbLmRyAt1QjVkMyLQ+lvIwCpLaB1rZfw=
google.golang.org/genproto/googleapis/rpc v0.0.0-20260817212433-ac3dfec99bb1/go.mod h1:4Hqkh8ycfw05ld/3BWL7rJOSfebL2Q+DVDeRgYgxUU8=
google.golang.org/grpc v1.83.0 h1:JeNZEKJFbQxArAMl+hiytHauacDNqJUllNfmIMmpqnQ=
google.golang.org/grpc v1.83.0/go.mod h1:kDyl6SKsiHKt0uylY5gtn5cEjkrIOhQOGDgIc4JGwzQ=
google.golang.org/protobuf v1.36.12 h1:pJOKDDOyeXErUroCihFAd5LQuwXBSpVnKGrj5o/fwxc=
google.golang.org/protobuf v1.36.12/go.mod h1:HTf+CrKn2C3g5S8VImy6tdcUvCska2kB7j23XfzDpco=
gopkg.in/check.v1 v0.0.0-20161208181325-20d25e280405/go.mod h1:Co6ibVJAznAaIkqp8huTwlJQCZ016jof/cbN4VW5Yz0=
gopkg.in/check.v1 v1.0.0-20180628173108-788fd7840127/go.mod h1:Co6ibVJAznAaIkqp8huTwlJQCZ016jof/cbN4VW5Yz0=
gopkg.in/check.v1 v1.0.0-20201130134442-10cb98267c6c h1:Hei/4ADfdWqJk1ZMxUNpqntNwaWcugrBjAiHlqqRiVk=
gopkg.in/check.v1 v1.0.0-20201130134442-10cb98267c6c/go.mod h1:JHkPIbrfpd72SG/EVd6muEfDQjcINNoR0C8j2r3qZ4Q=
gopkg.in/errgo.v2 v2.1.0/go.mod h1:hNsd1EY+bozCKY1Ytp96fpM3vjJbqLJn88ws8XvfDNI=
gopkg.in/sourcemap.v1 v1.0.5 h1:inv58fC9f9J3TK2Y2R1NPntXEn3/wjWHkonhIUODNTI=
gopkg.in/sourcemap.v1 v1.0.5/go.mod h1:2RlvNNSMglmRrcvhfuzp4hQHwOtjxlbjX7UPY/GXb78=
gopkg.in/yaml.v3 v3.0.0-20200313102051-9f266ea9e77c/go.mod h1:K4uyk7z7BCEPqu6E+C64Yfv1cQ7kz7rIZviUmN+EgEM=
gopkg.in/yaml.v3 v3.0.1 h1:fxVm/GzAzEWqLHuvctI91KS9hhNmmWOoWu0XTYJS7CA=
gopkg.in/yaml.v3 v3.0.1/go.mod h1:K4uyk7z7BCEPqu6E+C64Yfv1cQ7kz7rIZviUmN+EgEM=
modernc.org/cc/v4 v4.29.2 h1:h6+9ciCnPKutf4I03CvheAvDLX7+IHlqR6Iy6J+cgd8=
modernc.org/cc/v4 v4.29.2/go.mod h1:OnovgIhbbMXMu1aISnJ0wvVD1KnW+cAUJkIrAWh+kVI=
modernc.org/ccgo/v4 v4.35.0 h1:F+TUsmw09QxLzmi3aeYYGxjAXarmZaKgj3mKQHNaA8w=
modernc.org/ccgo/v4 v4.35.0/go.mod h1:qrVGs9S3Sr2Ztcg9ve+kTAYMp5a3YvWjo+SoN06kJ5I=
modernc.org/fileutil v1.4.0 h1:j6ZzNTftVS054gi281TyLjHPp6CPHr2KCxEXjEbD6SM=
modernc.org/fileutil v1.4.0/go.mod h1:EqdKFDxiByqxLk8ozOxObDSfcVOv/54xDs/DUHdvCUU=
modernc.org/gc/v2 v2.6.5 h1:nyqdV8q46KvTpZlsw66kWqwXRHdjIlJOhG6kxiV/9xI=
modernc.org/gc/v2 v2.6.5/go.mod h1:YgIahr1ypgfe7chRuJi2gD7DBQiKSLMPgBQe9oIiito=
modernc.org/gc/v3 v3.1.5 h1:21ldfPfRYE31Tb7B3mwAK8gy1AxP4+dKjrOQPfqakoc=
modernc.org/gc/v3 v3.1.5/go.mod h1:HFK/6AGESC7Ex+EZJhJ2Gni6cTaYpSMmU/cT9RmlfYY=
modernc.org/goabi0 v0.2.0 h1:HvEowk7LxcPd0eq6mVOAEMai46V+i7Jrj13t4AzuNks=
modernc.org/goabi0 v0.2.0/go.mod h1:CEFRnnJhKvWT1c1JTI3Avm+tgOWbkOu5oPA8eH8LnMI=
modernc.org/libc v1.75.3 h1:vCqT5+R0jPXMnvMkGo0T2zXvFNth+lYXVCx5X7CCX/g=
modernc.org/libc v1.75.3/go.mod h1:MjAX68G+0oufI+hNuh0QXcK+Ap+sL8bNPPcIC6EqOfo=
modernc.org/mathutil v1.7.1 h1:GCZVGXdaN8gTqB1Mf/usp1Y/hSqgI2vAGGP4jZMCxOU=
modernc.org/mathutil v1.7.1/go.mod h1:4p5IwJITfppl0G4sUEDtCr4DthTaT47/N3aT6MhfgJg=
modernc.org/memory v1.12.0 h1:twkmYNkGXCvtYWzoux02jtK6eovjZbdI0uHFUYp6kuU=
modernc.org/memory v1.12.0/go.mod h1:/JP4VbVC+K5sU2wZi9bHoq2MAkCnrt2r98UGeSK7Mjw=
modernc.org/opt v0.2.0 h1:tGyef5ApycA7FSEOMraay9SaTk5zmbx7Tu+cJs4QKZg=
modernc.org/opt v0.2.0/go.mod h1:03fq9lsNfvkYSfxrfUhZCWPk1lm4cq4N+Bh//bEtgns=
modernc.org/sortutil v1.2.1 h1:+xyoGf15mM3NMlPDnFqrteY07klSFxLElE2PVuWIJ7w=
modernc.org/sortutil v1.2.1/go.mod h1:7ZI3a3REbai7gzCLcotuw9AC4VZVpYMjDzETGsSMqJE=
modernc.org/sqlite v1.56.0 h1:/D8e2RfFqoy/Zc6PuC76U28zFwmI/sYx1Kjm4yEn9e0=
modernc.org/sqlite v1.56.0/go.mod h1:yCJ2cmAaIkHQ25oXWrF8H4O1lIfPYPR26yCEDj2P3pQ=
modernc.org/strutil v1.2.1 h1:UneZBkQA+DX2Rp35KcM69cSsNES9ly8mQWD71HKlOA0=
modernc.org/strutil v1.2.1/go.mod h1:EHkiggD70koQxjVdSBM3JKM7k6L0FbGE5eymy9i3B9A=
modernc.org/token v1.1.0 h1:Xl7Ap9dKaEs5kLoOQeQmPWevfnk/DM5qcLcYlA8ys6Y=
modernc.org/token v1.1.0/go.mod h1:UGzOrNV1mAFSEB63lOFHIpNRUVMvYTc6yu1SMY/XTDM=
